version: 6
environments:
  default:
    channels:
    - url: https://conda.anaconda.org/conda-forge/
    packages:
      win-64:
      - conda: https://conda.anaconda.org/conda-forge/noarch/aiohappyeyeballs-2.6.1-pyhd8ed1ab_0.conda
      - conda: https://conda.anaconda.org/conda-forge/win-64/aiohttp-3.13.2-py313h4f5f683_0.conda
      - conda: https://conda.anaconda.org/conda-forge/noarch/aiosignal-1.4.0-pyhd8ed1ab_0.conda
      - conda: https://conda.anaconda.org/conda-forge/noarch/annotated-types-0.7.0-pyhd8ed1ab_1.conda
      - conda: https://conda.anaconda.org/conda-forge/noarch/attrs-25.4.0-pyhcf101f3_1.conda
      - conda: https://conda.anaconda.org/conda-forge/win-64/backports.zstd-1.2.0-py313h2a31948_0.conda
      - conda: https://conda.anaconda.org/conda-forge/win-64/brotli-python-1.2.0-py313h3ebfc14_1.conda
      - conda: https://conda.anaconda.org/conda-forge/win-64/bzip2-1.0.8-h0ad9c76_8.conda
      - conda: https://conda.anaconda.org/conda-forge/win-64/c-ares-1.34.6-hfd05255_0.conda
      - conda: https://conda.anaconda.org/conda-forge/noarch/ca-certificates-2025.11.12-h4c7d964_0.conda
      - conda: https://conda.anaconda.org/conda-forge/noarch/cachetools-6.2.4-pyhd8ed1ab_0.conda
      - conda: https://conda.anaconda.org/conda-forge/noarch/certifi-2025.11.12-pyhd8ed1ab_0.conda
      - conda: https://conda.anaconda.org/conda-forge/win-64/cffi-2.0.0-py313h5ea7bf4_1.conda
      - conda: https://conda.anaconda.org/conda-forge/noarch/charset-normalizer-3.4.4-pyhd8ed1ab_0.conda
      - conda: https://conda.anaconda.org/conda-forge/noarch/colorama-0.4.6-pyhd8ed1ab_1.conda
      - conda: https://conda.anaconda.org/conda-forge/win-64/cryptography-46.0.3-py313hf5c5e30_1.conda
      - conda: https://conda.anaconda.org/conda-forge/win-64/frozenlist-1.7.0-py313h0c48a3b_0.conda
      - conda: https://conda.anaconda.org/conda-forge/noarch/google-ai-generativelanguage-0.6.15-pyhd8ed1ab_0.conda
      - conda: https://conda.anaconda.org/conda-forge/noarch/google-api-core-2.28.1-pyhd8ed1ab_0.conda
      - conda: https://conda.anaconda.org/conda-forge/noarch/google-api-python-client-2.187.0-pyh332efcf_0.conda
      - conda: https://conda.anaconda.org/conda-forge/noarch/google-auth-2.45.0-pyhd8ed1ab_0.conda
      - conda: https://conda.anaconda.org/conda-forge/noarch/google-auth-httplib2-0.3.0-pyhd8ed1ab_0.conda
      - conda: https://conda.anaconda.org/conda-forge/noarch/google-generativeai-0.8.6-pyhcf101f3_0.conda
      - conda: https://conda.anaconda.org/conda-forge/noarch/googleapis-common-protos-1.72.0-pyhd8ed1ab_0.conda
      - conda: https://conda.anaconda.org/conda-forge/win-64/grpcio-1.71.0-py313h4c2d140_1.conda
      - conda: https://conda.anaconda.org/conda-forge/noarch/h2-4.3.0-pyhcf101f3_0.conda
      - conda: https://conda.anaconda.org/conda-forge/noarch/hpack-4.1.0-pyhd8ed1ab_0.conda
      - conda: https://conda.anaconda.org/conda-forge/noarch/httplib2-0.31.0-pyhd8ed1ab_0.conda
      - conda: https://conda.anaconda.org/conda-forge/noarch/hyperframe-6.1.0-pyhd8ed1ab_0.conda
      - conda: https://conda.anaconda.org/conda-forge/noarch/idna-3.11-pyhd8ed1ab_0.conda
      - conda: https://conda.anaconda.org/conda-forge/win-64/libabseil-20250127.1-cxx17_h4eb7d71_0.conda
      - conda: https://conda.anaconda.org/conda-forge/win-64/libexpat-2.7.3-hac47afa_0.conda
      - conda: https://conda.anaconda.org/conda-forge/win-64/libffi-3.5.2-h52bdfb6_0.conda
      - conda: https://conda.anaconda.org/conda-forge/win-64/libgrpc-1.71.0-h8c3449c_1.conda
      - conda: https://conda.anaconda.org/conda-forge/win-64/liblzma-5.8.1-h2466b09_2.conda
      - conda: https://conda.anaconda.org/conda-forge/win-64/libmpdec-4.0.0-h2466b09_0.conda
      - conda: https://conda.anaconda.org/conda-forge/win-64/libprotobuf-5.29.3-hd33f5f0_3.conda
      - conda: https://conda.anaconda.org/conda-forge/win-64/libre2-11-2025.06.26-habfad5f_0.conda
      - conda: https://conda.anaconda.org/conda-forge/win-64/libsqlite-3.51.1-hf5d6505_1.conda
      - conda: https://conda.anaconda.org/conda-forge/win-64/libzlib-1.3.1-h2466b09_2.conda
      - conda: https://conda.anaconda.org/conda-forge/win-64/multidict-6.7.0-py313hd650c13_0.conda
      - conda: https://conda.anaconda.org/conda-forge/win-64/openssl-3.6.0-h725018a_0.conda
      - conda: https://conda.anaconda.org/conda-forge/win-64/propcache-0.3.1-py313hb4c8b1a_0.conda
      - conda: https://conda.anaconda.org/conda-forge/noarch/proto-plus-1.27.0-pyhd8ed1ab_0.conda
      - conda: https://conda.anaconda.org/conda-forge/win-64/protobuf-5.29.3-py313h5813708_0.conda
      - conda: https://conda.anaconda.org/conda-forge/noarch/pyasn1-0.6.1-pyhd8ed1ab_2.conda
      - conda: https://conda.anaconda.org/conda-forge/noarch/pyasn1-modules-0.4.2-pyhd8ed1ab_0.conda
      - conda: https://conda.anaconda.org/conda-forge/noarch/pycparser-2.22-pyh29332c3_1.conda
      - conda: https://conda.anaconda.org/conda-forge/noarch/pydantic-2.12.5-pyhcf101f3_1.conda
      - conda: https://conda.anaconda.org/conda-forge/win-64/pydantic-core-2.41.5-py313hfbe8231_1.conda
      - conda: https://conda.anaconda.org/conda-forge/noarch/pyopenssl-25.3.0-pyhd8ed1ab_0.conda
      - conda: https://conda.anaconda.org/conda-forge/noarch/pyparsing-3.3.1-pyhcf101f3_0.conda
      - conda: https://conda.anaconda.org/conda-forge/noarch/pysocks-1.7.1-pyh09c184e_7.conda
      - conda: https://conda.anaconda.org/conda-forge/win-64/python-3.13.11-h09917c8_100_cp313.conda
      - conda: https://conda.anaconda.org/conda-forge/noarch/python-dotenv-1.2.1-pyhcf101f3_0.conda
      - conda: https://conda.anaconda.org/conda-forge/noarch/python_abi-3.13-8_cp313.conda
      - conda: https://conda.anaconda.org/conda-forge/noarch/pyu2f-0.1.5-pyhd8ed1ab_1.conda
      - conda: https://conda.anaconda.org/conda-forge/win-64/re2-2025.06.26-h3dd2b4f_0.conda
      - conda: https://conda.anaconda.org/conda-forge/noarch/requests-2.32.5-pyhd8ed1ab_0.conda
      - conda: https://conda.anaconda.org/conda-forge/noarch/rsa-4.9.1-pyhd8ed1ab_0.conda
      - conda: https://conda.anaconda.org/conda-forge/noarch/six-1.17.0-pyhe01879c_1.conda
      - conda: https://conda.anaconda.org/conda-forge/win-64/tk-8.6.13-h2c6b04d_3.conda
      - conda: https://conda.anaconda.org/conda-forge/noarch/tqdm-4.67.1-pyhd8ed1ab_1.conda
      - conda: https://conda.anaconda.org/conda-forge/noarch/typing-extensions-4.15.0-h396c80c_0.conda
      - conda: https://conda.anaconda.org/conda-forge/noarch/typing-inspection-0.4.2-pyhd8ed1ab_1.conda
      - conda: https://conda.anaconda.org/conda-forge/noarch/typing_extensions-4.15.0-pyhcf101f3_0.conda
      - conda: https://conda.anaconda.org/conda-forge/noarch/tzdata-2025c-h8577fbf_0.conda
      - conda: https://conda.anaconda.org/conda-forge/win-64/ucrt-10.0.26100.0-h57928b3_0.conda
      - conda: https://conda.anaconda.org/conda-forge/noarch/uritemplate-4.2.0-pyhd8ed1ab_0.conda
      - conda: https://conda.anaconda.org/conda-forge/noarch/urllib3-2.6.2-pyhd8ed1ab_0.conda
      - conda: https://conda.anaconda.org/conda-forge/win-64/vc-14.3-h2b53caa_33.conda
      - conda: https://conda.anaconda.org/conda-forge/win-64/vc14_runtime-14.44.35208-h818238b_33.conda
      - conda: https://conda.anaconda.org/conda-forge/win-64/vcomp14-14.44.35208-h818238b_33.conda
      - conda: https://conda.anaconda.org/conda-forge/noarch/win_inet_pton-1.1.0-pyh7428d3b_8.conda
      - conda: https://conda.anaconda.org/conda-forge/win-64/yarl-1.22.0-py313hd650c13_0.conda
      - conda: https://conda.anaconda.org/conda-forge/win-64/zstd-1.5.7-h534d264_6.conda
packages:
- conda: https://conda.anaconda.org/conda-forge/noarch/aiohappyeyeballs-2.6.1-pyhd8ed1ab_0.conda
  sha256: 7842ddc678e77868ba7b92a726b437575b23aaec293bca0d40826f1026d90e27
  md5: 18fd895e0e775622906cdabfc3cf0fb4
  depends:
  - python >=3.9
  license: PSF-2.0
  license_family: PSF
  size: 19750
  timestamp: 1741775303303
- conda: https://conda.anaconda.org/conda-forge/win-64/aiohttp-3.13.2-py313h4f5f683_0.conda
  sha256: d8910aaf9095fc87212ee9a8add278e882a5dcb6f9bc3b3f812c4a2763d1c96f
  md5: 5ef36573238e7c52ea53c14e5924c73b
  depends:
  - aiohappyeyeballs >=2.5.0
  - aiosignal >=1.4.0
  - attrs >=17.3.0
  - frozenlist >=1.1.1
  - multidict >=4.5,<7.0
  - propcache >=0.2.0
  - python >=3.13,<3.14.0a0
  - python_abi 3.13.* *_cp313
  - ucrt >=10.0.20348.0
  - vc >=14.3,<15
  - vc14_runtime >=14.44.35208
  - yarl >=1.17.0,<2.0
  license: MIT AND Apache-2.0
  license_family: Apache
  size: 967379
  timestamp: 1761726757321
- conda: https://conda.anaconda.org/conda-forge/noarch/aiosignal-1.4.0-pyhd8ed1ab_0.conda
  sha256: 8dc149a6828d19bf104ea96382a9d04dae185d4a03cc6beb1bc7b84c428e3ca2
  md5: 421a865222cd0c9d83ff08bc78bf3a61
  depends:
  - frozenlist >=1.1.0
  - python >=3.9
  - typing_extensions >=4.2
  license: Apache-2.0
  license_family: APACHE
  size: 13688
  timestamp: 1751626573984
- conda: https://conda.anaconda.org/conda-forge/noarch/annotated-types-0.7.0-pyhd8ed1ab_1.conda
  sha256: e0ea1ba78fbb64f17062601edda82097fcf815012cf52bb704150a2668110d48
  md5: 2934f256a8acfe48f6ebb4fce6cde29c
  depends:
  - python >=3.9
  - typing-extensions >=4.0.0
  license: MIT
  license_family: MIT
  size: 18074
  timestamp: 1733247158254
- conda: https://conda.anaconda.org/conda-forge/noarch/attrs-25.4.0-pyhcf101f3_1.conda
  sha256: c13d5e42d187b1d0255f591b7ce91201d4ed8a5370f0d986707a802c20c9d32f
  md5: 537296d57ea995666c68c821b00e360b
  depends:
  - python >=3.10
  - python
  license: MIT
  license_family: MIT
  size: 64759
  timestamp: 1764875182184
- conda: https://conda.anaconda.org/conda-forge/win-64/backports.zstd-1.2.0-py313h2a31948_0.conda
  sha256: afb9e0b53476d4292c2f94b29eee08aea090a6c982775ecb4b03f60b87bd0f1a
  md5: c83a610d87511dd7b04c33dc3180dda3
  depends:
  - python
  - vc >=14.3,<15
  - vc14_runtime >=14.44.35208
  - ucrt >=10.0.20348.0
  - python_abi 3.13.* *_cp313
  - zstd >=1.5.7,<1.6.0a0
  license: BSD-3-Clause AND MIT AND EPL-2.0
  size: 240694
  timestamp: 1765057700937
- conda: https://conda.anaconda.org/conda-forge/win-64/brotli-python-1.2.0-py313h3ebfc14_1.conda
  sha256: 3558006cd6e836de8dff53cbe5f0b9959f96ea6a6776b4e14f1c524916dd956c
  md5: 916a39a0261621b8c33e9db2366dd427
  depends:
  - python >=3.13,<3.14.0a0
  - python_abi 3.13.* *_cp313
  - ucrt >=10.0.20348.0
  - vc >=14.3,<15
  - vc14_runtime >=14.44.35208
  constrains:
  - libbrotlicommon 1.2.0 hfd05255_1
  license: MIT
  license_family: MIT
  size: 335605
  timestamp: 1764018132514
- conda: https://conda.anaconda.org/conda-forge/win-64/bzip2-1.0.8-h0ad9c76_8.conda
  sha256: d882712855624641f48aa9dc3f5feea2ed6b4e6004585d3616386a18186fe692
  md5: 1077e9333c41ff0be8edd1a5ec0ddace
  depends:
  - ucrt >=10.0.20348.0
  - vc >=14.3,<15
  - vc14_runtime >=14.44.35208
  license: bzip2-1.0.6
  license_family: BSD
  size: 55977
  timestamp: 1757437738856
- conda: https://conda.anaconda.org/conda-forge/win-64/c-ares-1.34.6-hfd05255_0.conda
  sha256: 5e1e2e24ce279f77e421fcc0e5846c944a8a75f7cf6158427c7302b02984291a
  md5: 7c6da34e5b6e60b414592c74582e28bf
  depends:
  - ucrt >=10.0.20348.0
  - vc >=14.3,<15
  - vc14_runtime >=14.44.35208
  license: MIT
  license_family: MIT
  size: 193550
  timestamp: 1765215100218
- conda: https://conda.anaconda.org/conda-forge/noarch/ca-certificates-2025.11.12-h4c7d964_0.conda
  sha256: 686a13bd2d4024fc99a22c1e0e68a7356af3ed3304a8d3ff6bb56249ad4e82f0
  md5: f98fb7db808b94bc1ec5b0e62f9f1069
  depends:
  - __win
  license: ISC
  size: 152827
  timestamp: 1762967310929
- conda: https://conda.anaconda.org/conda-forge/noarch/cachetools-6.2.4-pyhd8ed1ab_0.conda
  sha256: e00325243791f4337d147224e4e1508de450aeeab1abc0470f2227748deddbfc
  md5: 629c8fd0c11eb853732608e2454abf8e
  depends:
  - python >=3.10
  license: MIT
  license_family: MIT
  size: 16867
  timestamp: 1765829705483
- conda: https://conda.anaconda.org/conda-forge/noarch/certifi-2025.11.12-pyhd8ed1ab_0.conda
  sha256: 083a2bdad892ccf02b352ecab38ee86c3e610ba9a4b11b073ea769d55a115d32
  md5: 96a02a5c1a65470a7e4eedb644c872fd
  depends:
  - python >=3.10
  license: ISC
  size: 157131
  timestamp: 1762976260320
- conda: https://conda.anaconda.org/conda-forge/win-64/cffi-2.0.0-py313h5ea7bf4_1.conda
  sha256: f867a11f42bb64a09b232e3decf10f8a8fe5194d7e3a216c6bac9f40483bd1c6
  md5: 55b44664f66a2caf584d72196aa98af9
  depends:
  - pycparser
  - python >=3.13,<3.14.0a0
  - python_abi 3.13.* *_cp313
  - ucrt >=10.0.20348.0
  - vc >=14.3,<15
  - vc14_runtime >=14.44.35208
  license: MIT
  license_family: MIT
  size: 292681
  timestamp: 1761203203673
- conda: https://conda.anaconda.org/conda-forge/noarch/charset-normalizer-3.4.4-pyhd8ed1ab_0.conda
  sha256: b32f8362e885f1b8417bac2b3da4db7323faa12d5db62b7fd6691c02d60d6f59
  md5: a22d1fd9bf98827e280a02875d9a007a
  depends:
  - python >=3.10
  license: MIT
  license_family: MIT
  size: 50965
  timestamp: 1760437331772
- conda: https://conda.anaconda.org/conda-forge/noarch/colorama-0.4.6-pyhd8ed1ab_1.conda
  sha256: ab29d57dc70786c1269633ba3dff20288b81664d3ff8d21af995742e2bb03287
  md5: 962b9857ee8e7018c22f2776ffa0b2d7
  depends:
  - python >=3.9
  license: BSD-3-Clause
  license_family: BSD
  size: 27011
  timestamp: 1733218222191
- conda: https://conda.anaconda.org/conda-forge/win-64/cryptography-46.0.3-py313hf5c5e30_1.conda
  sha256: c6a6b26f3d66612794041e4e35ed8d5782332c1a37fd11cce733e94593c7c51e
  md5: 5349b57b1b430a7437345ba1c48ce502
  depends:
  - cffi >=1.14
  - openssl >=3.5.4,<4.0a0
  - python >=3.13,<3.14.0a0
  - python_abi 3.13.* *_cp313
  - ucrt >=10.0.20348.0
  - vc >=14.3,<15
  - vc14_runtime >=14.44.35208
  license: Apache-2.0 AND BSD-3-Clause AND PSF-2.0 AND MIT
  license_family: BSD
  size: 1488294
  timestamp: 1764805888325
- conda: https://conda.anaconda.org/conda-forge/win-64/frozenlist-1.7.0-py313h0c48a3b_0.conda
  sha256: 98750d29e4ed0c8e99d1278073def4115bd2ac395b60ff644790d16e472209b0
  md5: 85b7d5b8cc0422ff7f8908a415ea87c8
  depends:
  - python >=3.13,<3.14.0a0
  - python_abi 3.13.* *_cp313
  - ucrt >=10.0.20348.0
  - vc >=14.3,<15
  - vc14_runtime >=14.44.35208
  license: Apache-2.0
  license_family: APACHE
  size: 49129
  timestamp: 1752167418796
- conda: https://conda.anaconda.org/conda-forge/noarch/google-ai-generativelanguage-0.6.15-pyhd8ed1ab_0.conda
  sha256: 4c777e50a850db1b21c5fd5d7afa56634caa841c6c0da5d25d63c32648c983ac
  md5: fcd42b115bc1cd978581baf3287e5329
  depends:
  - google-api-core >=1.34.1,<3.0.0dev,!=2.0.*,!=2.1.*,!=2.2.*,!=2.3.*,!=2.4.*,!=2.5.*,!=2.6.*,!=2.7.*,!=2.8.*,!=2.9.*,!=2.10.*
  - google-auth >=2.14.1,<3.0.0dev,!=2.24.0,!=2.25.0
  - proto-plus >=1.22.3,<2.0.0dev
  - protobuf >=3.20.2,<6.0.0dev,!=4.21.0,!=4.21.1,!=4.21.2,!=4.21.3,!=4.21.4,!=4.21.5
  - python >=3.9
  license: Apache-2.0
  license_family: APACHE
  size: 165555
  timestamp: 1736820665100
- conda: https://conda.anaconda.org/conda-forge/noarch/google-api-core-2.28.1-pyhd8ed1ab_0.conda
  sha256: 3dde5af0fdafae40315c278cd63ed531282f651868b1cb259d96234bc138dce0
  md5: 4f543962961d34db6b5c72ebe827caf7
  depends:
  - google-auth >=2.14.1,<3.0.0
  - googleapis-common-protos >=1.56.2,<2.0.0
  - proto-plus >=1.25.0,<2.0.0
  - protobuf >=3.19.5,<7.0.0,!=3.20.0,!=3.20.1,!=4.21.0,!=4.21.1,!=4.21.2,!=4.21.3,!=4.21.4,!=4.21.5
  - python >=3.10
  - requests >=2.18.0,<3.0.0
  license: Apache-2.0
  license_family: APACHE
  size: 98155
  timestamp: 1761990483177
- conda: https://conda.anaconda.org/conda-forge/noarch/google-api-python-client-2.187.0-pyh332efcf_0.conda
  sha256: 8c4e80cb4bef9afdfe4a2a0ed7d478785df4e7710e9251bce4e6104c73af8c65
  md5: 88ac4a55841541d5517d9a1eb468239c
  depends:
  - google-api-core >=1.31.5,<3.0.0,!=2.0.*,!=2.1.*,!=2.2.*,!=2.3.0
  - google-auth >=1.32.0,<3.0.0,!=2.24.0,!=2.25.0
  - google-auth-httplib2 >=0.2.0,<1.0.0
  - httplib2 >=0.19.0,<1.0.0
  - python >=3.10
  - uritemplate >=3.0.1,<5
  license: Apache-2.0 and MIT
  size: 7003124
  timestamp: 1762402003404
- conda: https://conda.anaconda.org/conda-forge/noarch/google-auth-2.45.0-pyhd8ed1ab_0.conda
  sha256: 66c824e7a03ec6c929b134d15f12dcdb0acc417dc593b918a8e392395aabcf89
  md5: ba51a6bf040e6029f65f73f409c9124c
  depends:
  - aiohttp >=3.6.2,<4.0.0
  - cachetools >=2.0.0,<7.0
  - cryptography >=38.0.3
  - pyasn1-modules >=0.2.1
  - pyopenssl >=20.0.0
  - python >=3.10
  - pyu2f >=0.1.5
  - requests >=2.20.0,<3.0.0
  - rsa >=3.1.4,<5
  license: Apache-2.0
  license_family: Apache
  size: 130432
  timestamp: 1765878859304
- conda: https://conda.anaconda.org/conda-forge/noarch/google-auth-httplib2-0.3.0-pyhd8ed1ab_0.conda
  sha256: 1e77d1016392f3ec237d92f88a62cc593f2c2a2d25ee55649c53ac9638faeaa3
  md5: 083dde4d8d0f7e39fafc67fc4bfc1019
  depends:
  - google-auth >=1.32.0,<3.0.0
  - httplib2 >=0.19.0,<1.0.0
  - python >=3.10
  license: Apache-2.0
  license_family: Apache
  size: 15860
  timestamp: 1765878744043
- conda: https://conda.anaconda.org/conda-forge/noarch/google-generativeai-0.8.6-pyhcf101f3_0.conda
  sha256: cdbc52cb5446b03e4ef9f50a0e8af556b41448b575d242a9f72cf728295c3a54
  md5: 036b6027ebde4edae69a6c581b6dc199
  depends:
  - typing_extensions
  - python >=3.10
  - google-ai-generativelanguage ==0.6.15
  - google-api-core
  - google-api-python-client
  - google-auth >=2.15.0
  - protobuf
  - pydantic
  - tqdm
  - grpcio
  - python
  license: Apache-2.0
  license_family: APACHE
  size: 103721
  timestamp: 1765911945320
- conda: https://conda.anaconda.org/conda-forge/noarch/googleapis-common-protos-1.72.0-pyhd8ed1ab_0.conda
  sha256: c09ba4b360a0994430d2fe4a230aa6518cd3e6bfdc51a7af9d35d35a25908bb5
  md5: 003094932fb90de018f77a273b8a509b
  depends:
  - protobuf >=3.20.2,<7.0.0,!=4.21.1,!=4.21.2,!=4.21.3,!=4.21.4,!=4.21.5
  - python >=3.10
  license: Apache-2.0
  license_family: APACHE
  size: 142961
  timestamp: 1762522289200
- conda: https://conda.anaconda.org/conda-forge/win-64/grpcio-1.71.0-py313h4c2d140_1.conda
  sha256: 604e51c9c8c6ae8af8a88fff7e8cf786a6879c8ba1f8595dd8c9b394addb8865
  md5: 0d52769a16aaa0ebda1e025656d3a3c9
  depends:
  - libgrpc 1.71.0 h8c3449c_1
  - libzlib >=1.3.1,<2.0a0
  - python >=3.13,<3.14.0a0
  - python_abi 3.13.* *_cp313
  - ucrt >=10.0.20348.0
  - vc >=14.2,<15
  - vc14_runtime >=14.29.30139
  license: Apache-2.0
  license_family: APACHE
  size: 751182
  timestamp: 1745193966721
- conda: https://conda.anaconda.org/conda-forge/noarch/h2-4.3.0-pyhcf101f3_0.conda
  sha256: 84c64443368f84b600bfecc529a1194a3b14c3656ee2e832d15a20e0329b6da3
  md5: 164fc43f0b53b6e3a7bc7dce5e4f1dc9
  depends:
  - python >=3.10
  - hyperframe >=6.1,<7
  - hpack >=4.1,<5
  - python
  license: MIT
  license_family: MIT
  size: 95967
  timestamp: 1756364871835
- conda: https://conda.anaconda.org/conda-forge/noarch/hpack-4.1.0-pyhd8ed1ab_0.conda
  sha256: 6ad78a180576c706aabeb5b4c8ceb97c0cb25f1e112d76495bff23e3779948ba
  md5: 0a802cb9888dd14eeefc611f05c40b6e
  depends:
  - python >=3.9
  license: MIT
  license_family: MIT
  size: 30731
  timestamp: 1737618390337
- conda: https://conda.anaconda.org/conda-forge/noarch/httplib2-0.31.0-pyhd8ed1ab_0.conda
  sha256: d0d29a5402a8248ff19558046c854576159faf670ff2bf4e8af16d32f190e8f7
  md5: 33ee2e1652fdddcce06312eb0ab6c2d5
  depends:
  - pyparsing >=2.4.2,<4,!=3.0.0,!=3.0.1,!=3.0.2,!=3.0.3
  - python >=3.10
  license: MIT
  license_family: MIT
  size: 90818
  timestamp: 1757606504716
- conda: https://conda.anaconda.org/conda-forge/noarch/hyperframe-6.1.0-pyhd8ed1ab_0.conda
  sha256: 77af6f5fe8b62ca07d09ac60127a30d9069fdc3c68d6b256754d0ffb1f7779f8
  md5: 8e6923fc12f1fe8f8c4e5c9f343256ac
  depends:
  - python >=3.9
  license: MIT
  license_family: MIT
  size: 17397
  timestamp: 1737618427549
- conda: https://conda.anaconda.org/conda-forge/noarch/idna-3.11-pyhd8ed1ab_0.conda
  sha256: ae89d0299ada2a3162c2614a9d26557a92aa6a77120ce142f8e0109bbf0342b0
  md5: 53abe63df7e10a6ba605dc5f9f961d36
  depends:
  - python >=3.10
  license: BSD-3-Clause
  license_family: BSD
  size: 50721
  timestamp: 1760286526795
- conda: https://conda.anaconda.org/conda-forge/win-64/libabseil-20250127.1-cxx17_h4eb7d71_0.conda
  sha256: 61ece8d3768604eae2c7c869a5c032a61fbfb8eb86cc85dc39cc2de48d3827b4
  md5: 9619870922c18fa283a3ee703a14cfcc
  depends:
  - ucrt >=10.0.20348.0
  - vc >=14.2,<15
  - vc14_runtime >=14.29.30139
  constrains:
  - libabseil-static =20250127.1=cxx17*
  - abseil-cpp =20250127.1
  license: Apache-2.0
  license_family: Apache
  size: 1836732
  timestamp: 1742370096247
- conda: https://conda.anaconda.org/conda-forge/win-64/libexpat-2.7.3-hac47afa_0.conda
  sha256: 844ab708594bdfbd7b35e1a67c379861bcd180d6efe57b654f482ae2f7f5c21e
  md5: 8c9e4f1a0e688eef2e95711178061a0f
  depends:
  - ucrt >=10.0.20348.0
  - vc >=14.3,<15
  - vc14_runtime >=14.44.35208
  constrains:
  - expat 2.7.3.*
  license: MIT
  license_family: MIT
  size: 70137
  timestamp: 1763550049107
- conda: https://conda.anaconda.org/conda-forge/win-64/libffi-3.5.2-h52bdfb6_0.conda
  sha256: ddff25aaa4f0aa535413f5d831b04073789522890a4d8626366e43ecde1534a3
  md5: ba4ad812d2afc22b9a34ce8327a0930f
  depends:
  - ucrt >=10.0.20348.0
  - vc >=14.3,<15
  - vc14_runtime >=14.44.35208
  license: MIT
  license_family: MIT
  size: 44866
  timestamp: 1760295760649
- conda: https://conda.anaconda.org/conda-forge/win-64/libgrpc-1.71.0-h8c3449c_1.conda
  sha256: eb832f8eea6936400753a5344ebce3e09c36698d04becd6ef234fda9c480cccb
  md5: ef38e4d5e1814a912311abd4468e90bb
  depends:
  - c-ares >=1.34.5,<2.0a0
  - libabseil * cxx17*
  - libabseil >=20250127.1,<20250128.0a0
  - libprotobuf >=5.29.3,<5.29.4.0a0
  - libre2-11 >=2024.7.2
  - libzlib >=1.3.1,<2.0a0
  - openssl >=3.5.0,<4.0a0
  - re2
  - ucrt >=10.0.20348.0
  - vc >=14.2,<15
  - vc14_runtime >=14.29.30139
  constrains:
  - grpc-cpp =1.71.0
  license: Apache-2.0
  license_family: APACHE
  size: 13999413
  timestamp: 1745192535016
- conda: https://conda.anaconda.org/conda-forge/win-64/liblzma-5.8.1-h2466b09_2.conda
  sha256: 55764956eb9179b98de7cc0e55696f2eff8f7b83fc3ebff5e696ca358bca28cc
  md5: c15148b2e18da456f5108ccb5e411446
  depends:
  - ucrt >=10.0.20348.0
  - vc >=14.2,<15
  - vc14_runtime >=14.29.30139
  constrains:
  - xz 5.8.1.*
  license: 0BSD
  size: 104935
  timestamp: 1749230611612
- conda: https://conda.anaconda.org/conda-forge/win-64/libmpdec-4.0.0-h2466b09_0.conda
  sha256: fc529fc82c7caf51202cc5cec5bb1c2e8d90edbac6d0a4602c966366efe3c7bf
  md5: 74860100b2029e2523cf480804c76b9b
  depends:
  - ucrt >=10.0.20348.0
  - vc >=14.2,<15
  - vc14_runtime >=14.29.30139
  license: BSD-2-Clause
  license_family: BSD
  size: 88657
  timestamp: 1723861474602
- conda: https://conda.anaconda.org/conda-forge/win-64/libprotobuf-5.29.3-hd33f5f0_3.conda
  sha256: 4279fd791b3dc7701af5ef931621f6b381c72f4b49ef3f3e17f7e1526d9688ba
  md5: 5ad3febd356c46036718d04dd6f47a07
  depends:
  - libabseil * cxx17*
  - libabseil >=20250127.1,<20250128.0a0
  - libzlib >=1.3.1,<2.0a0
  - ucrt >=10.0.20348.0
  - vc >=14.3,<15
  - vc14_runtime >=14.44.35208
  license: BSD-3-Clause
  license_family: BSD
  size: 7029271
  timestamp: 1764145684746
- conda: https://conda.anaconda.org/conda-forge/win-64/libre2-11-2025.06.26-habfad5f_0.conda
  sha256: ab65399d05be6d0e0733068b47d7d57e91e360ec46c7ced9e21d7f80ac8e05c3
  md5: 38df4686fd7b22710a066faa749d9fa3
  depends:
  - libabseil * cxx17*
  - libabseil >=20250127.1,<20250128.0a0
  - ucrt >=10.0.20348.0
  - vc >=14.3,<15
  - vc14_runtime >=14.44.35208
  constrains:
  - re2 2025.06.26.*
  license: BSD-3-Clause
  license_family: BSD
  size: 267600
  timestamp: 1751053268406
- conda: https://conda.anaconda.org/conda-forge/win-64/libsqlite-3.51.1-hf5d6505_1.conda
  sha256: d6d86715a1afe11f626b7509935e9d2e14a4946632c0ac474526e20fc6c55f99
  md5: be65be5f758709fc01b01626152e96b0
  depends:
  - ucrt >=10.0.20348.0
  - vc >=14.3,<15
  - vc14_runtime >=14.44.35208
  license: blessing
  size: 1292859
  timestamp: 1766319616777
- conda: https://conda.anaconda.org/conda-forge/win-64/libzlib-1.3.1-h2466b09_2.conda
  sha256: ba945c6493449bed0e6e29883c4943817f7c79cbff52b83360f7b341277c6402
  md5: 41fbfac52c601159df6c01f875de31b9
  depends:
  - ucrt >=10.0.20348.0
  - vc >=14.2,<15
  - vc14_runtime >=14.29.30139
  constrains:
  - zlib 1.3.1 *_2
  license: Zlib
  license_family: Other
  size: 55476
  timestamp: 1727963768015
- conda: https://conda.anaconda.org/conda-forge/win-64/multidict-6.7.0-py313hd650c13_0.conda
  sha256: e26fdaeccace7d541c7d159649e04457f98239a59d5246232a6cf7bcae74dd88
  md5: 5cc04827dceed46083448a79dc052cd8
  depends:
  - python >=3.13,<3.14.0a0
  - python_abi 3.13.* *_cp313
  - ucrt >=10.0.20348.0
  - vc >=14.3,<15
  - vc14_runtime >=14.44.35208
  license: Apache-2.0
  license_family: APACHE
  size: 91235
  timestamp: 1765460724933
- conda: https://conda.anaconda.org/conda-forge/win-64/openssl-3.6.0-h725018a_0.conda
  sha256: 6d72d6f766293d4f2aa60c28c244c8efed6946c430814175f959ffe8cab899b3
  md5: 84f8fb4afd1157f59098f618cd2437e4
  depends:
  - ca-certificates
  - ucrt >=10.0.20348.0
  - vc >=14.3,<15
  - vc14_runtime >=14.44.35208
  license: Apache-2.0
  license_family: Apache
  size: 9440812
  timestamp: 1762841722179
- conda: https://conda.anaconda.org/conda-forge/win-64/propcache-0.3.1-py313hb4c8b1a_0.conda
  sha256: b6f9e491fed803a4133d6993f0654804332904bc31312cb42ff737456195fc3f
  md5: 5aa4e7fa533f7de1b964c8d3a3581190
  depends:
  - python >=3.13,<3.14.0a0
  - python_abi 3.13.* *_cp313
  - ucrt >=10.0.20348.0
  - vc >=14.2,<15
  - vc14_runtime >=14.29.30139
  license: Apache-2.0
  license_family: APACHE
  size: 50309
  timestamp: 1744525393617
- conda: https://conda.anaconda.org/conda-forge/noarch/proto-plus-1.27.0-pyhd8ed1ab_0.conda
  sha256: cd703393ac925c2cbb79c58d141552d5135b106b53ce2201982284f104b4f86a
  md5: 1099a038989e7f4037d3ce21e8ee9f2c
  depends:
  - protobuf >=3.19.0,<7.0.0
  - python >=3.10
  license: Apache-2.0
  license_family: APACHE
  size: 43122
  timestamp: 1765906462817
- conda: https://conda.anaconda.org/conda-forge/win-64/protobuf-5.29.3-py313h5813708_0.conda
  sha256: 34d6229002e26ef5b30283b6b62d46618dd14720b4b19b9270bc13bf3984c98e
  md5: 7e28365a03635b474f4487c3d49c3394
  depends:
  - python >=3.13,<3.14.0a0
  - python_abi 3.13.* *_cp313
  - ucrt >=10.0.20348.0
  - vc >=14.2,<15
  - vc14_runtime >=14.29.30139
  constrains:
  - libprotobuf 5.29.3
  license: BSD-3-Clause
  license_family: BSD
  size: 473260
  timestamp: 1741127411181
- conda: https://conda.anaconda.org/conda-forge/noarch/pyasn1-0.6.1-pyhd8ed1ab_2.conda
  sha256: d06051df66e9ab753683d7423fcef873d78bb0c33bd112c3d5be66d529eddf06
  md5: 09bb17ed307ad6ab2fd78d32372fdd4e
  depends:
  - python >=3.9
  license: BSD-2-Clause
  license_family: BSD
  size: 62230
  timestamp: 1733217699113
- conda: https://conda.anaconda.org/conda-forge/noarch/pyasn1-modules-0.4.2-pyhd8ed1ab_0.conda
  sha256: 5495061f5d3d6b82b74d400273c586e7c1f1700183de1d2d1688e900071687cb
  md5: c689b62552f6b63f32f3322e463f3805
  depends:
  - pyasn1 >=0.6.1,<0.7.0
  - python >=3.9
  license: BSD-2-Clause
  license_family: BSD
  size: 95990
  timestamp: 1743436137965
- conda: https://conda.anaconda.org/conda-forge/noarch/pycparser-2.22-pyh29332c3_1.conda
  sha256: 79db7928d13fab2d892592223d7570f5061c192f27b9febd1a418427b719acc6
  md5: 12c566707c80111f9799308d9e265aef
  depends:
  - python >=3.9
  - python
  license: BSD-3-Clause
  license_family: BSD
  size: 110100
  timestamp: 1733195786147
- conda: https://conda.anaconda.org/conda-forge/noarch/pydantic-2.12.5-pyhcf101f3_1.conda
  sha256: 868569d9505b7fe246c880c11e2c44924d7613a8cdcc1f6ef85d5375e892f13d
  md5: c3946ed24acdb28db1b5d63321dbca7d
  depends:
  - typing-inspection >=0.4.2
  - typing_extensions >=4.14.1
  - python >=3.10
  - typing-extensions >=4.6.1
  - annotated-types >=0.6.0
  - pydantic-core ==2.41.5
  - python
  license: MIT
  license_family: MIT
  size: 340482
  timestamp: 1764434463101
- conda: https://conda.anaconda.org/conda-forge/win-64/pydantic-core-2.41.5-py313hfbe8231_1.conda
  sha256: fb9391dc09dd01574c85e2342b9aa3b8664cd713401ef8fd6267865cc28988d8
  md5: 0437f87004ad7c64c98a013d1611db97
  depends:
  - python
  - typing-extensions >=4.6.0,!=4.7.0
  - vc >=14.3,<15
  - vc14_runtime >=14.44.35208
  - ucrt >=10.0.20348.0
  - vc >=14.3,<15
  - vc14_runtime >=14.44.35208
  - ucrt >=10.0.20348.0
  - python_abi 3.13.* *_cp313
  license: MIT
  license_family: MIT
  size: 1973031
  timestamp: 1762989056610
- conda: https://conda.anaconda.org/conda-forge/noarch/pyopenssl-25.3.0-pyhd8ed1ab_0.conda
  sha256: e3a1216bbc4622ac4dfd36c3f8fd3a90d800eebc9147fa3af7eab07d863516b3
  md5: ddf01a1d87103a152f725c7aeabffa29
  depends:
  - cryptography >=45.0.7,<47
  - python >=3.10
  - typing-extensions >=4.9
  - typing_extensions >=4.9
  license: Apache-2.0
  license_family: Apache
  size: 126393
  timestamp: 1760304658366
- conda: https://conda.anaconda.org/conda-forge/noarch/pyparsing-3.3.1-pyhcf101f3_0.conda
  sha256: 0c70bc577f5efa87501bdc841b88f594f4d3f3a992dfb851e2130fa5c817835b
  md5: d837065e4e0de4962c3462079c23f969
  depends:
  - python >=3.10
  - python
  license: MIT
  size: 110235
  timestamp: 1766475444791
- conda: https://conda.anaconda.org/conda-forge/noarch/pysocks-1.7.1-pyh09c184e_7.conda
  sha256: d016e04b0e12063fbee4a2d5fbb9b39a8d191b5a0042f0b8459188aedeabb0ca
  md5: e2fd202833c4a981ce8a65974fe4abd1
  depends:
  - __win
  - python >=3.9
  - win_inet_pton
  license: BSD-3-Clause
  license_family: BSD
  size: 21784
  timestamp: 1733217448189
- conda: https://conda.anaconda.org/conda-forge/win-64/python-3.13.11-h09917c8_100_cp313.conda
  build_number: 100
  sha256: 0ee0402368783e1fad10025719530499c517a3dbbdfbe18351841d9b7aef1d6a
  md5: 9e4c9a7ee9c4ab5b3778ab73e583283e
  depends:
  - bzip2 >=1.0.8,<2.0a0
  - libexpat >=2.7.3,<3.0a0
  - libffi >=3.5.2,<3.6.0a0
  - liblzma >=5.8.1,<6.0a0
  - libmpdec >=4.0.0,<5.0a0
  - libsqlite >=3.51.1,<4.0a0
  - libzlib >=1.3.1,<2.0a0
  - openssl >=3.5.4,<4.0a0
  - python_abi 3.13.* *_cp313
  - tk >=8.6.13,<8.7.0a0
  - tzdata
  - ucrt >=10.0.20348.0
  - vc >=14.3,<15
  - vc14_runtime >=14.44.35208
  license: Python-2.0
  size: 16617922
  timestamp: 1765019627175
  python_site_packages_path: Lib/site-packages
- conda: https://conda.anaconda.org/conda-forge/noarch/python-dotenv-1.2.1-pyhcf101f3_0.conda
  sha256: aa98e0b1f5472161318f93224f1cfec1355ff69d2f79f896c0b9e033e4a6caf9
  md5: 083725d6cd3dc007f06d04bcf1e613a2
  depends:
  - python >=3.10
  - python
  license: BSD-3-Clause
  license_family: BSD
  size: 26922
  timestamp: 1761503229008
- conda: https://conda.anaconda.org/conda-forge/noarch/python_abi-3.13-8_cp313.conda
  build_number: 8
  sha256: 210bffe7b121e651419cb196a2a63687b087497595c9be9d20ebe97dd06060a7
  md5: 94305520c52a4aa3f6c2b1ff6008d9f8
  constrains:
  - python 3.13.* *_cp313
  license: BSD-3-Clause
  license_family: BSD
  size: 7002
  timestamp: 1752805902938
- conda: https://conda.anaconda.org/conda-forge/noarch/pyu2f-0.1.5-pyhd8ed1ab_1.conda
  sha256: 991caa5408aea018488a2c94e915c11792b9321b0ef64401f4829ebd0abfb3c0
  md5: 644bd4ca9f68ef536b902685d773d697
  depends:
  - python >=3.9
  - six
  license: Apache-2.0
  license_family: APACHE
  size: 36786
  timestamp: 1733738704089
- conda: https://conda.anaconda.org/conda-forge/win-64/re2-2025.06.26-h3dd2b4f_0.conda
  sha256: e7b9a7c39987589f7b597882d60193b9599cc4cb2fe950ae406c010fed53aaaa
  md5: 83fe4d44b2c2089ad3778a49c5ca5340
  depends:
  - libre2-11 2025.06.26 habfad5f_0
  license: BSD-3-Clause
  license_family: BSD
  size: 219218
  timestamp: 1751053300752
- conda: https://conda.anaconda.org/conda-forge/noarch/requests-2.32.5-pyhd8ed1ab_0.conda
  sha256: 8dc54e94721e9ab545d7234aa5192b74102263d3e704e6d0c8aa7008f2da2a7b
  md5: db0c6b99149880c8ba515cf4abe93ee4
  depends:
  - certifi >=2017.4.17
  - charset-normalizer >=2,<4
  - idna >=2.5,<4
  - python >=3.9
  - urllib3 >=1.21.1,<3
  constrains:
  - chardet >=3.0.2,<6
  license: Apache-2.0
  license_family: APACHE
  size: 59263
  timestamp: 1755614348400
- conda: https://conda.anaconda.org/conda-forge/noarch/rsa-4.9.1-pyhd8ed1ab_0.conda
  sha256: e32e94e7693d4bc9305b36b8a4ef61034e0428f58850ebee4675978e3c2e5acf
  md5: 58958bb50f986ac0c46f73b6e290d5fe
  depends:
  - pyasn1 >=0.1.3
  - python >=3.9
  license: Apache-2.0
  license_family: APACHE
  size: 31709
  timestamp: 1744825527634
- conda: https://conda.anaconda.org/conda-forge/noarch/six-1.17.0-pyhe01879c_1.conda
  sha256: 458227f759d5e3fcec5d9b7acce54e10c9e1f4f4b7ec978f3bfd54ce4ee9853d
  md5: 3339e3b65d58accf4ca4fb8748ab16b3
  depends:
  - python >=3.9
  - python
  license: MIT
  license_family: MIT
  size: 18455
  timestamp: 1753199211006
- conda: https://conda.anaconda.org/conda-forge/win-64/tk-8.6.13-h2c6b04d_3.conda
  sha256: 4581f4ffb432fefa1ac4f85c5682cc27014bcd66e7beaa0ee330e927a7858790
  md5: 7cb36e506a7dba4817970f8adb6396f9
  depends:
  - ucrt >=10.0.20348.0
  - vc >=14.2,<15
  - vc14_runtime >=14.29.30139
  license: TCL
  license_family: BSD
  size: 3472313
  timestamp: 1763055164278
- conda: https://conda.anaconda.org/conda-forge/noarch/tqdm-4.67.1-pyhd8ed1ab_1.conda
  sha256: 11e2c85468ae9902d24a27137b6b39b4a78099806e551d390e394a8c34b48e40
  md5: 9efbfdc37242619130ea42b1cc4ed861
  depends:
  - colorama
  - python >=3.9
  license: MPL-2.0 or MIT
  size: 89498
  timestamp: 1735661472632
- conda: https://conda.anaconda.org/conda-forge/noarch/typing-extensions-4.15.0-h396c80c_0.conda
  sha256: 7c2df5721c742c2a47b2c8f960e718c930031663ac1174da67c1ed5999f7938c
  md5: edd329d7d3a4ab45dcf905899a7a6115
  depends:
  - typing_extensions ==4.15.0 pyhcf101f3_0
  license: PSF-2.0
  license_family: PSF
  size: 91383
  timestamp: 1756220668932
- conda: https://conda.anaconda.org/conda-forge/noarch/typing-inspection-0.4.2-pyhd8ed1ab_1.conda
  sha256: 70db27de58a97aeb7ba7448366c9853f91b21137492e0b4430251a1870aa8ff4
  md5: a0a4a3035667fc34f29bfbd5c190baa6
  depends:
  - python >=3.10
  - typing_extensions >=4.12.0
  license: MIT
  license_family: MIT
  size: 18923
  timestamp: 1764158430324
- conda: https://conda.anaconda.org/conda-forge/noarch/typing_extensions-4.15.0-pyhcf101f3_0.conda
  sha256: 032271135bca55aeb156cee361c81350c6f3fb203f57d024d7e5a1fc9ef18731
  md5: 0caa1af407ecff61170c9437a808404d
  depends:
  - python >=3.10
  - python
  license: PSF-2.0
  license_family: PSF
  size: 51692
  timestamp: 1756220668932
- conda: https://conda.anaconda.org/conda-forge/noarch/tzdata-2025c-h8577fbf_0.conda
  sha256: 50fad5db6734d1bb73df1cf5db73215e326413d4b2137933f70708aa1840e25b
  md5: 338201218b54cadff2e774ac27733990
  license: LicenseRef-Public-Domain
  size: 119204
  timestamp: 1765745742795
- conda: https://conda.anaconda.org/conda-forge/win-64/ucrt-10.0.26100.0-h57928b3_0.conda
  sha256: 3005729dce6f3d3f5ec91dfc49fc75a0095f9cd23bab49efb899657297ac91a5
  md5: 71b24316859acd00bdb8b38f5e2ce328
  constrains:
  - vc14_runtime >=14.29.30037
  - vs2015_runtime >=14.29.30037
  license: LicenseRef-MicrosoftWindowsSDK10
  size: 694692
  timestamp: 1756385147981
- conda: https://conda.anaconda.org/conda-forge/noarch/uritemplate-4.2.0-pyhd8ed1ab_0.conda
  sha256: 6182ff04a7e3c84e3e5fb8e26e98606089df7d13ae89c3eace81571040dedd68
  md5: 39224004f2b57cf7a7fb3d83610ab633
  depends:
  - python >=3.9
  license: Apache-2.0
  license_family: Apache
  size: 16301
  timestamp: 1748892415935
- conda: https://conda.anaconda.org/conda-forge/noarch/urllib3-2.6.2-pyhd8ed1ab_0.conda
  sha256: f4302a80ee9b76279ad061df05003abc2a29cc89751ffab2fd2919b43455dac0
  md5: 4949ca7b83065cfe94ebe320aece8c72
  depends:
  - backports.zstd >=1.0.0
  - brotli-python >=1.2.0
  - h2 >=4,<5
  - pysocks >=1.5.6,<2.0,!=1.5.7
  - python >=3.10
  license: MIT
  license_family: MIT
  size: 102842
  timestamp: 1765719817255
- conda: https://conda.anaconda.org/conda-forge/win-64/vc-14.3-h2b53caa_33.conda
  sha256: 7036945b5fff304064108c22cbc1bb30e7536363782b0456681ee6cf209138bd
  md5: 2d1c042360c09498891809a3765261be
  depends:
  - vc14_runtime >=14.42.34433
  track_features:
  - vc14
  license: BSD-3-Clause
  license_family: BSD
  size: 19070
  timestamp: 1765216452130
- conda: https://conda.anaconda.org/conda-forge/win-64/vc14_runtime-14.44.35208-h818238b_33.conda
  sha256: 7e8f7da25d7ce975bbe7d7e6d6e899bf1f253e524a3427cc135a79f3a79c457c
  md5: fb8e4914c5ad1c71b3c519621e1df7b8
  depends:
  - ucrt >=10.0.20348.0
  - vcomp14 14.44.35208 h818238b_33
  constrains:
  - vs2015_runtime 14.44.35208.* *_33
  license: LicenseRef-MicrosoftVisualCpp2015-2022Runtime
  license_family: Proprietary
  size: 684323
  timestamp: 1765216366832
- conda: https://conda.anaconda.org/conda-forge/win-64/vcomp14-14.44.35208-h818238b_33.conda
  sha256: f79edd878094e86af2b2bc1455b0a81e02839a784fb093d5996ad4cf7b810101
  md5: 4cb6942b4bd846e51b4849f4a93c7e6d
  depends:
  - ucrt >=10.0.20348.0
  constrains:
  - vs2015_runtime 14.44.35208.* *_33
  license: LicenseRef-MicrosoftVisualCpp2015-2022Runtime
  license_family: Proprietary
  size: 115073
  timestamp: 1765216325898
- conda: https://conda.anaconda.org/conda-forge/noarch/win_inet_pton-1.1.0-pyh7428d3b_8.conda
  sha256: 93807369ab91f230cf9e6e2a237eaa812492fe00face5b38068735858fba954f
  md5: 46e441ba871f524e2b067929da3051c2
  depends:
  - __win
  - python >=3.9
  license: LicenseRef-Public-Domain
  size: 9555
  timestamp: 1733130678956
- conda: https://conda.anaconda.org/conda-forge/win-64/yarl-1.22.0-py313hd650c13_0.conda
  sha256: c8aeb8ba2bf017e7da16ff5aaedc87e31d60948d0a67cadd8f796bf82211b7ca
  md5: a296d7bc284ee121cd14fcc129cafffc
  depends:
  - idna >=2.0
  - multidict >=4.0
  - propcache >=0.2.1
  - python >=3.13,<3.14.0a0
  - python_abi 3.13.* *_cp313
  - ucrt >=10.0.20348.0
  - vc >=14.3,<15
  - vc14_runtime >=14.44.35208
  license: Apache-2.0
  license_family: Apache
  size: 142329
  timestamp: 1761337622076
- conda: https://conda.anaconda.org/conda-forge/win-64/zstd-1.5.7-h534d264_6.conda
  sha256: 368d8628424966fd8f9c8018326a9c779e06913dd39e646cf331226acc90e5b2
  md5: 053b84beec00b71ea8ff7a4f84b55207
  depends:
  - vc >=14.3,<15
  - vc14_runtime >=14.44.35208
  - ucrt >=10.0.20348.0
  - libzlib >=1.3.1,<2.0a0
  license: BSD-3-Clause
  license_family: BSD
  size: 388453
  timestamp: 1764777142545
